{
  "name": "ngx-painless-redux",
  "version": "4.0.8",
  "lockfileVersion": 1,
  "requires": true,
  "dependencies": {
    "@ngrx/store": {
      "version": "9.1.0",
      "resolved": "https://registry.npmjs.org/@ngrx/store/-/store-9.1.0.tgz",
      "integrity": "sha512-Ah2nApPZXTvKl7ybaFMIFwEdMg8b7PvIKATigbDTUftAsFxked2+T7blNv6aCgSfEqbOVMBTYPk7OsLCYZoz4Q==",
      "dev": true
    },
    "combine-reducers": {
      "version": "1.0.0",
      "resolved": "https://registry.npmjs.org/combine-reducers/-/combine-reducers-1.0.0.tgz",
      "integrity": "sha1-fdbO9CdX0uE7+2HIVg2EbdfqFps=",
      "dev": true
    },
    "lodash": {
      "version": "4.17.15",
      "resolved": "https://registry.npmjs.org/lodash/-/lodash-4.17.15.tgz",
      "integrity": "sha512-8xOcRHvCjnocdS5cpwXQXVzmmh5e5+saE2QGoeQmbKmRS6J3VQppPOIt0MnmE+4xlZoumy0GPG0D0MVIQbNA1A==",
      "dev": true
    },
    "md5-hash": {
      "version": "1.0.1",
      "resolved": "https://registry.npmjs.org/md5-hash/-/md5-hash-1.0.1.tgz",
      "integrity": "sha1-lX1KmZh/qHHtRRWDNgr1EYuq1yU=",
      "dev": true
    },
    "object-hash": {
      "version": "2.0.3",
      "resolved": "https://registry.npmjs.org/object-hash/-/object-hash-2.0.3.tgz",
      "integrity": "sha512-JPKn0GMu+Fa3zt3Bmr66JhokJU5BaNBIh4ZeTlaCBzrBsOeXzwcKKAK1tbLiPKgvwmPXsDvvLHoWh5Bm7ofIYg==",
      "dev": true
    },
    "painless-redux": {
      "version": "4.0.3",
      "resolved": "https://registry.npmjs.org/painless-redux/-/painless-redux-4.0.3.tgz",
      "integrity": "sha512-bgEglAV2CgHwXzSZuuEaYi4pX0HHLF3ubaMPUTcpWl+BHZKGbSpaW9OkCOtI4XXHk2RCnwSMq3EMxxbyL5ncmg==",
      "dev": true,
      "requires": {
        "combine-reducers": "^1.0.0",
        "lodash": "^4.17.13",
        "md5-hash": "^1.0.1",
        "object-hash": "^2.0.3",
        "reselect": "^4.0.0",
        "uuid": "^3.3.2"
      }
    },
    "reselect": {
      "version": "4.0.0",
      "resolved": "https://registry.npmjs.org/reselect/-/reselect-4.0.0.tgz",
      "integrity": "sha512-qUgANli03jjAyGlnbYVAV5vvnOmJnODyABz51RdBN7M4WaVu8mecZWgyQNkG8Yqe3KRGRt0l4K4B3XVEULC4CA==",
      "dev": true
    },
    "uuid": {
      "version": "3.4.0",
      "resolved": "https://registry.npmjs.org/uuid/-/uuid-3.4.0.tgz",
      "integrity": "sha512-HjSDRw6gZE5JMggctHBcjVak08+KEVhSIiDzFnT9S9aegmp85S/bReBVTb4QTFaRNptJ9kuYaNhnbNEOkbKb/A==",
      "dev": true
    }
  }
}
